// !$*UTF8*$!
{
	archiveVersion = 1;
	classes = {
	};
	objectVersion = 46;
	objects = {

/* Begin PBXBuildFile section */
		D8177C5B1ED9A3A400C518F4 /* AppDelegate.swift in Sources */ = {isa = PBXBuildFile; fileRef = D8177C5A1ED9A3A400C518F4 /* AppDelegate.swift */; };
		D8177C5D1ED9A3A400C518F4 /* ViewController.swift in Sources */ = {isa = PBXBuildFile; fileRef = D8177C5C1ED9A3A400C518F4 /* ViewController.swift */; };
		D8177C601ED9A3A400C518F4 /* Main.storyboard in Resources */ = {isa = PBXBuildFile; fileRef = D8177C5E1ED9A3A400C518F4 /* Main.storyboard */; };
		D8177C621ED9A3A400C518F4 /* Assets.xcassets in Resources */ = {isa = PBXBuildFile; fileRef = D8177C611ED9A3A400C518F4 /* Assets.xcassets */; };
		D8177C651ED9A3A400C518F4 /* LaunchScreen.storyboard in Resources */ = {isa = PBXBuildFile; fileRef = D8177C631ED9A3A400C518F4 /* LaunchScreen.storyboard */; };
		D837EB641EDD8A68007B11CA /* font_1_kokugl_1.15_rls.ttf in Resources */ = {isa = PBXBuildFile; fileRef = D837EB631EDD8A5B007B11CA /* font_1_kokugl_1.15_rls.ttf */; };
		D88EA5F71EDD78E500DC486E /* fee60f14.png in Resources */ = {isa = PBXBuildFile; fileRef = D88EA5F61EDD78E500DC486E /* fee60f14.png */; };
		D894914F1EEAAD8B00DA91B3 /* いろ.png in Resources */ = {isa = PBXBuildFile; fileRef = D894914E1EEAAD8B00DA91B3 /* いろ.png */; };
		D89491511EEAAFAB00DA91B3 /* ha-toirotuki.png in Resources */ = {isa = PBXBuildFile; fileRef = D89491501EEAAFAB00DA91B3 /* ha-toirotuki.png */; };
		D89491551EEAB3B200DA91B3 /* ほし.png in Resources */ = {isa = PBXBuildFile; fileRef = D89491541EEAB3B200DA91B3 /* ほし.png */; };
		D89491571EEAB50D00DA91B3 /* 41927.jpg in Resources */ = {isa = PBXBuildFile; fileRef = D89491561EEAB50D00DA91B3 /* 41927.jpg */; };
		D894915B1EEABE9900DA91B3 /* ダウンロード.png in Resources */ = {isa = PBXBuildFile; fileRef = D894915A1EEABE9900DA91B3 /* ダウンロード.png */; };
		D89711341EEB651800DFD188 /* icon_000300_256.png in Resources */ = {isa = PBXBuildFile; fileRef = D89711331EEB651800DFD188 /* icon_000300_256.png */; };
		D8ACD4A11EDAE36B00D917F9 /* icon_144760_256.png in Resources */ = {isa = PBXBuildFile; fileRef = D8ACD4A01EDAE36B00D917F9 /* icon_144760_256.png */; };
		D8ACD4BB1EDAF5CC00D917F9 /* home-146585_640.png in Resources */ = {isa = PBXBuildFile; fileRef = D8ACD4BA1EDAF5CC00D917F9 /* home-146585_640.png */; };
		D8ACD4C11EDAFB1B00D917F9 /* tabbViewController.swift in Sources */ = {isa = PBXBuildFile; fileRef = D8ACD4C01EDAFB1B00D917F9 /* tabbViewController.swift */; };
		D8E96AD41EE432CF00C58AE4 /* AVFoundation.framework in Frameworks */ = {isa = PBXBuildFile; fileRef = D8E96AD31EE432CF00C58AE4 /* AVFoundation.framework */; };
		D8ECEB7C1EE4296100964139 /* Motion-Pop08-1.mp3 in Resources */ = {isa = PBXBuildFile; fileRef = D8ECEB7B1EE4296100964139 /* Motion-Pop08-1.mp3 */; };
		D8ECEB7E1EE4296400964139 /* Motion-Pop08-2.mp3 in Resources */ = {isa = PBXBuildFile; fileRef = D8ECEB7D1EE4296400964139 /* Motion-Pop08-2.mp3 */; };
		D8ECEB801EE4296A00964139 /* Motion-Pop08-3.mp3 in Resources */ = {isa = PBXBuildFile; fileRef = D8ECEB7F1EE4296A00964139 /* Motion-Pop08-3.mp3 */; };
		D8FACB191EDA92A100641C2E /* bbb.swift in Sources */ = {isa = PBXBuildFile; fileRef = D8FACB181EDA92A100641C2E /* bbb.swift */; };
		D8FACB1D1EDA938700641C2E /* heart.png in Resources */ = {isa = PBXBuildFile; fileRef = D8FACB1A1EDA938700641C2E /* heart.png */; };
		D8FACB1E1EDA938700641C2E /* like.png in Resources */ = {isa = PBXBuildFile; fileRef = D8FACB1B1EDA938700641C2E /* like.png */; };
/* End PBXBuildFile section */

/* Begin PBXFileReference section */
		D8049A841EDD86D3003DAEED /* readme.txt */ = {isa = PBXFileReference; lastKnownFileType = text; path = readme.txt; sourceTree = "<group>"; };
		D8049A851EDD86D3003DAEED /* RiiMonakaBLt.otf */ = {isa = PBXFileReference; lastKnownFileType = file; path = RiiMonakaBLt.otf; sourceTree = "<group>"; };
		D8049A861EDD86D3003DAEED /* RiiMonakaBRt.otf */ = {isa = PBXFileReference; lastKnownFileType = file; path = RiiMonakaBRt.otf; sourceTree = "<group>"; };
		D8049A871EDD86D3003DAEED /* RiiMonakaWLt.otf */ = {isa = PBXFileReference; lastKnownFileType = file; path = RiiMonakaWLt.otf; sourceTree = "<group>"; };
		D8049A881EDD86D3003DAEED /* RiiMonakaWRt.otf */ = {isa = PBXFileReference; lastKnownFileType = file; path = RiiMonakaWRt.otf; sourceTree = "<group>"; };
		D8177C571ED9A3A400C518F4 /* original.app */ = {isa = PBXFileReference; explicitFileType = wrapper.application; includeInIndex = 0; path = original.app; sourceTree = BUILT_PRODUCTS_DIR; };
		D8177C5A1ED9A3A400C518F4 /* AppDelegate.swift */ = {isa = PBXFileReference; lastKnownFileType = sourcecode.swift; path = AppDelegate.swift; sourceTree = "<group>"; };
		D8177C5C1ED9A3A400C518F4 /* ViewController.swift */ = {isa = PBXFileReference; lastKnownFileType = sourcecode.swift; path = ViewController.swift; sourceTree = "<group>"; };
		D8177C5F1ED9A3A400C518F4 /* Base */ = {isa = PBXFileReference; lastKnownFileType = file.storyboard; name = Base; path = Base.lproj/Main.storyboard; sourceTree = "<group>"; };
		D8177C611ED9A3A400C518F4 /* Assets.xcassets */ = {isa = PBXFileReference; lastKnownFileType = folder.assetcatalog; path = Assets.xcassets; sourceTree = "<group>"; };
		D8177C641ED9A3A400C518F4 /* Base */ = {isa = PBXFileReference; lastKnownFileType = file.storyboard; name = Base; path = Base.lproj/LaunchScreen.storyboard; sourceTree = "<group>"; };
		D8177C661ED9A3A400C518F4 /* Info.plist */ = {isa = PBXFileReference; lastKnownFileType = text.plist.xml; path = Info.plist; sourceTree = "<group>"; };
		D837EB631EDD8A5B007B11CA /* font_1_kokugl_1.15_rls.ttf */ = {isa = PBXFileReference; lastKnownFileType = file; path = font_1_kokugl_1.15_rls.ttf; sourceTree = "<group>"; };
		D88EA5F61EDD78E500DC486E /* fee60f14.png */ = {isa = PBXFileReference; lastKnownFileType = image.png; path = fee60f14.png; sourceTree = "<group>"; };
		D894914E1EEAAD8B00DA91B3 /* いろ.png */ = {isa = PBXFileReference; lastKnownFileType = image.png; path = "いろ.png"; sourceTree = "<group>"; };
		D89491501EEAAFAB00DA91B3 /* ha-toirotuki.png */ = {isa = PBXFileReference; lastKnownFileType = image.png; name = "ha-toirotuki.png"; path = "../../../Downloads/DOFavoriteButton-master/DOFavoriteButton-DEMO/DOFavoriteButton-DEMO/Images.xcassets/heart.imageset/ha-toirotuki.png"; sourceTree = "<group>"; };
		D89491541EEAB3B200DA91B3 /* ほし.png */ = {isa = PBXFileReference; lastKnownFileType = image.png; path = "ほし.png"; sourceTree = "<group>"; };
		D89491561EEAB50D00DA91B3 /* 41927.jpg */ = {isa = PBXFileReference; lastKnownFileType = image.jpeg; name = 41927.jpg; path = ../../../Downloads/41927.jpg; sourceTree = "<group>"; };
		D894915A1EEABE9900DA91B3 /* ダウンロード.png */ = {isa = PBXFileReference; lastKnownFileType = image.png; name = "ダウンロード.png"; path = "../../../Downloads/ダウンロード.png"; sourceTree = "<group>"; };
		D89711331EEB651800DFD188 /* icon_000300_256.png */ = {isa = PBXFileReference; lastKnownFileType = image.png; name = icon_000300_256.png; path = ../../../Downloads/icon_000300_256.png; sourceTree = "<group>"; };
		D8ACD4A01EDAE36B00D917F9 /* icon_144760_256.png */ = {isa = PBXFileReference; lastKnownFileType = image.png; path = icon_144760_256.png; sourceTree = "<group>"; };
		D8ACD4BA1EDAF5CC00D917F9 /* home-146585_640.png */ = {isa = PBXFileReference; lastKnownFileType = image.png; path = "home-146585_640.png"; sourceTree = "<group>"; };
		D8ACD4C01EDAFB1B00D917F9 /* tabbViewController.swift */ = {isa = PBXFileReference; fileEncoding = 4; lastKnownFileType = sourcecode.swift; path = tabbViewController.swift; sourceTree = "<group>"; };
		D8E96AD31EE432CF00C58AE4 /* AVFoundation.framework */ = {isa = PBXFileReference; lastKnownFileType = wrapper.framework; name = AVFoundation.framework; path = System/Library/Frameworks/AVFoundation.framework; sourceTree = SDKROOT; };
		D8ECEB7B1EE4296100964139 /* Motion-Pop08-1.mp3 */ = {isa = PBXFileReference; lastKnownFileType = audio.mp3; path = "Motion-Pop08-1.mp3"; sourceTree = "<group>"; };
		D8ECEB7D1EE4296400964139 /* Motion-Pop08-2.mp3 */ = {isa = PBXFileReference; lastKnownFileType = audio.mp3; path = "Motion-Pop08-2.mp3"; sourceTree = "<group>"; };
		D8ECEB7F1EE4296A00964139 /* Motion-Pop08-3.mp3 */ = {isa = PBXFileReference; lastKnownFileType = audio.mp3; path = "Motion-Pop08-3.mp3"; sourceTree = "<group>"; };
		D8FACB171EDA915C00641C2E /* Header.h */ = {isa = PBXFileReference; lastKnownFileType = sourcecode.c.h; path = Header.h; sourceTree = "<group>"; };
		D8FACB181EDA92A100641C2E /* bbb.swift */ = {isa = PBXFileReference; fileEncoding = 4; lastKnownFileType = sourcecode.swift; path = bbb.swift; sourceTree = "<group>"; };
		D8FACB1A1EDA938700641C2E /* heart.png */ = {isa = PBXFileReference; lastKnownFileType = image.png; path = heart.png; sourceTree = "<group>"; };
		D8FACB1B1EDA938700641C2E /* like.png */ = {isa = PBXFileReference; lastKnownFileType = image.png; path = like.png; sourceTree = "<group>"; };
/* End PBXFileReference section */

/* Begin PBXFrameworksBuildPhase section */
		D8177C541ED9A3A400C518F4 /* Frameworks */ = {
			isa = PBXFrameworksBuildPhase;
			buildActionMask = 2147483647;
			files = (
				D8E96AD41EE432CF00C58AE4 /* AVFoundation.framework in Frameworks */,
			);
			runOnlyForDeploymentPostprocessing = 0;
		};
/* End PBXFrameworksBuildPhase section */

/* Begin PBXGroup section */
		D8049A831EDD86D3003DAEED /* riimnkt */ = {
			isa = PBXGroup;
			children = (
				D8049A841EDD86D3003DAEED /* readme.txt */,
				D8049A851EDD86D3003DAEED /* RiiMonakaBLt.otf */,
				D8049A861EDD86D3003DAEED /* RiiMonakaBRt.otf */,
				D8049A871EDD86D3003DAEED /* RiiMonakaWLt.otf */,
				D8049A881EDD86D3003DAEED /* RiiMonakaWRt.otf */,
			);
			name = riimnkt;
			path = "オリジナルアプリ/riimnkt";
			sourceTree = "<group>";
		};
		D8177C4E1ED9A3A400C518F4 = {
			isa = PBXGroup;
			children = (
				D8049A831EDD86D3003DAEED /* riimnkt */,
				D8177C591ED9A3A400C518F4 /* original */,
				D8177C581ED9A3A400C518F4 /* Products */,
				D8E96AD21EE432CF00C58AE4 /* Frameworks */,
			);
			sourceTree = "<group>";
		};
		D8177C581ED9A3A400C518F4 /* Products */ = {
			isa = PBXGroup;
			children = (
				D8177C571ED9A3A400C518F4 /* original.app */,
			);
			name = Products;
			sourceTree = "<group>";
		};
		D8177C591ED9A3A400C518F4 /* original */ = {
			isa = PBXGroup;
			children = (
				D8177C5E1ED9A3A400C518F4 /* Main.storyboard */,
				D8177C5C1ED9A3A400C518F4 /* ViewController.swift */,
				D8FACB181EDA92A100641C2E /* bbb.swift */,
				D8177C5A1ED9A3A400C518F4 /* AppDelegate.swift */,
				D8ACD4C01EDAFB1B00D917F9 /* tabbViewController.swift */,
				D8FACB171EDA915C00641C2E /* Header.h */,
				D8177C611ED9A3A400C518F4 /* Assets.xcassets */,
				D8177C631ED9A3A400C518F4 /* LaunchScreen.storyboard */,
				D8177C661ED9A3A400C518F4 /* Info.plist */,
				D8FACB1A1EDA938700641C2E /* heart.png */,
				D894914E1EEAAD8B00DA91B3 /* いろ.png */,
				D89491541EEAB3B200DA91B3 /* ほし.png */,
				D894915A1EEABE9900DA91B3 /* ダウンロード.png */,
				D89491501EEAAFAB00DA91B3 /* ha-toirotuki.png */,
				D89491561EEAB50D00DA91B3 /* 41927.jpg */,
				D8FACB1B1EDA938700641C2E /* like.png */,
				D8ACD4A01EDAE36B00D917F9 /* icon_144760_256.png */,
				D88EA5F61EDD78E500DC486E /* fee60f14.png */,
				D8ACD4BA1EDAF5CC00D917F9 /* home-146585_640.png */,
				D837EB631EDD8A5B007B11CA /* font_1_kokugl_1.15_rls.ttf */,
				D8ECEB7B1EE4296100964139 /* Motion-Pop08-1.mp3 */,
				D8ECEB7D1EE4296400964139 /* Motion-Pop08-2.mp3 */,
				D8ECEB7F1EE4296A00964139 /* Motion-Pop08-3.mp3 */,
				D89711331EEB651800DFD188 /* icon_000300_256.png */,
			);
			name = original;
			path = "オリジナルアプリ";
			sourceTree = "<group>";
		};
		D8E96AD21EE432CF00C58AE4 /* Frameworks */ = {
			isa = PBXGroup;
			children = (
				D8E96AD31EE432CF00C58AE4 /* AVFoundation.framework */,
			);
			name = Frameworks;
			sourceTree = "<group>";
		};
/* End PBXGroup section */

/* Begin PBXNativeTarget section */
		D8177C561ED9A3A400C518F4 /* original */ = {
			isa = PBXNativeTarget;
			buildConfigurationList = D8177C691ED9A3A400C518F4 /* Build configuration list for PBXNativeTarget "original" */;
			buildPhases = (
				D8177C531ED9A3A400C518F4 /* Sources */,
				D8177C541ED9A3A400C518F4 /* Frameworks */,
				D8177C551ED9A3A400C518F4 /* Resources */,
			);
			buildRules = (
			);
			dependencies = (
			);
			name = original;
			productName = "オリジナルアプリ";
			productReference = D8177C571ED9A3A400C518F4 /* original.app */;
			productType = "com.apple.product-type.application";
		};
/* End PBXNativeTarget section */

/* Begin PBXProject section */
		D8177C4F1ED9A3A400C518F4 /* Project object */ = {
			isa = PBXProject;
			attributes = {
				LastSwiftUpdateCheck = 0820;
				LastUpgradeCheck = 0820;
				ORGANIZATIONNAME = moeka;
				TargetAttributes = {
					D8177C561ED9A3A400C518F4 = {
						CreatedOnToolsVersion = 8.2.1;
						ProvisioningStyle = Automatic;
					};
				};
			};
			buildConfigurationList = D8177C521ED9A3A400C518F4 /* Build configuration list for PBXProject "original" */;
			compatibilityVersion = "Xcode 3.2";
			developmentRegion = English;
			hasScannedForEncodings = 0;
			knownRegions = (
				en,
				Base,
			);
			mainGroup = D8177C4E1ED9A3A400C518F4;
			productRefGroup = D8177C581ED9A3A400C518F4 /* Products */;
			projectDirPath = "";
			projectRoot = "";
			targets = (
				D8177C561ED9A3A400C518F4 /* original */,
			);
		};
/* End PBXProject section */

/* Begin PBXResourcesBuildPhase section */
		D8177C551ED9A3A400C518F4 /* Resources */ = {
			isa = PBXResourcesBuildPhase;
			buildActionMask = 2147483647;
			files = (
				D894914F1EEAAD8B00DA91B3 /* いろ.png in Resources */,
				D8ECEB7E1EE4296400964139 /* Motion-Pop08-2.mp3 in Resources */,
				D837EB641EDD8A68007B11CA /* font_1_kokugl_1.15_rls.ttf in Resources */,
				D88EA5F71EDD78E500DC486E /* fee60f14.png in Resources */,
				D8FACB1E1EDA938700641C2E /* like.png in Resources */,
				D89491551EEAB3B200DA91B3 /* ほし.png in Resources */,
				D8177C651ED9A3A400C518F4 /* LaunchScreen.storyboard in Resources */,
				D8ACD4BB1EDAF5CC00D917F9 /* home-146585_640.png in Resources */,
				D8ECEB801EE4296A00964139 /* Motion-Pop08-3.mp3 in Resources */,
				D89711341EEB651800DFD188 /* icon_000300_256.png in Resources */,
				D894915B1EEABE9900DA91B3 /* ダウンロード.png in Resources */,
				D8ACD4A11EDAE36B00D917F9 /* icon_144760_256.png in Resources */,
				D8177C621ED9A3A400C518F4 /* Assets.xcassets in Resources */,
				D8177C601ED9A3A400C518F4 /* Main.storyboard in Resources */,
				D89491511EEAAFAB00DA91B3 /* ha-toirotuki.png in Resources */,
				D8ECEB7C1EE4296100964139 /* Motion-Pop08-1.mp3 in Resources */,
				D8FACB1D1EDA938700641C2E /* heart.png in Resources */,
				D89491571EEAB50D00DA91B3 /* 41927.jpg in Resources */,
			);
			runOnlyForDeploymentPostprocessing = 0;
		};
/* End PBXResourcesBuildPhase section */

/* Begin PBXSourcesBuildPhase section */
		D8177C531ED9A3A400C518F4 /* Sources */ = {
			isa = PBXSourcesBuildPhase;
			buildActionMask = 2147483647;
			files = (
				D8FACB191EDA92A100641C2E /* bbb.swift in Sources */,
				D8ACD4C11EDAFB1B00D917F9 /* tabbViewController.swift in Sources */,
				D8177C5D1ED9A3A400C518F4 /* ViewController.swift in Sources */,
				D8177C5B1ED9A3A400C518F4 /* AppDelegate.swift in Sources */,
			);
			runOnlyForDeploymentPostprocessing = 0;
		};
/* End PBXSourcesBuildPhase section */

/* Begin PBXVariantGroup section */
		D8177C5E1ED9A3A400C518F4 /* Main.storyboard */ = {
			isa = PBXVariantGroup;
			children = (
				D8177C5F1ED9A3A400C518F4 /* Base */,
			);
			name = Main.storyboard;
			sourceTree = "<group>";
		};
		D8177C631ED9A3A400C518F4 /* LaunchScreen.storyboard */ = {
			isa = PBXVariantGroup;
			children = (
				D8177C641ED9A3A400C518F4 /* Base */,
			);
			name = LaunchScreen.storyboard;
			sourceTree = "<group>";
		};
/* End PBXVariantGroup section */

/* Begin XCBuildConfiguration section */
		D8177C671ED9A3A400C518F4 /* Debug */ = {
			isa = XCBuildConfiguration;
			buildSettings = {
				ALWAYS_SEARCH_USER_PATHS = NO;
				CLANG_ANALYZER_NONNULL = YES;
				CLANG_CXX_LANGUAGE_STANDARD = "gnu++0x";
				CLANG_CXX_LIBRARY = "libc++";
				CLANG_ENABLE_MODULES = YES;
				CLANG_ENABLE_OBJC_ARC = YES;
				CLANG_WARN_BOOL_CONVERSION = YES;
				CLANG_WARN_CONSTANT_CONVERSION = YES;
				CLANG_WARN_DIRECT_OBJC_ISA_USAGE = YES_ERROR;
				CLANG_WARN_DOCUMENTATION_COMMENTS = YES;
				CLANG_WARN_EMPTY_BODY = YES;
				CLANG_WARN_ENUM_CONVERSION = YES;
				CLANG_WARN_INFINITE_RECURSION = YES;
				CLANG_WARN_INT_CONVERSION = YES;
				CLANG_WARN_OBJC_ROOT_CLASS = YES_ERROR;
				CLANG_WARN_SUSPICIOUS_MOVE = YES;
				CLANG_WARN_UNREACHABLE_CODE = YES;
				CLANG_WARN__DUPLICATE_METHOD_MATCH = YES;
				"CODE_SIGN_IDENTITY[sdk=iphoneos*]" = "iPhone Developer";
				COPY_PHASE_STRIP = NO;
				DEBUG_INFORMATION_FORMAT = dwarf;
				ENABLE_STRICT_OBJC_MSGSEND = YES;
				ENABLE_TESTABILITY = YES;
				GCC_C_LANGUAGE_STANDARD = gnu99;
				GCC_DYNAMIC_NO_PIC = NO;
				GCC_NO_COMMON_BLOCKS = YES;
				GCC_OPTIMIZATION_LEVEL = 0;
				GCC_PREPROCESSOR_DEFINITIONS = (
					"DEBUG=1",
					"$(inherited)",
				);
				GCC_WARN_64_TO_32_BIT_CONVERSION = YES;
				GCC_WARN_ABOUT_RETURN_TYPE = YES_ERROR;
				GCC_WARN_UNDECLARED_SELECTOR = YES;
				GCC_WARN_UNINITIALIZED_AUTOS = YES_AGGRESSIVE;
				GCC_WARN_UNUSED_FUNCTION = YES;
				GCC_WARN_UNUSED_VARIABLE = YES;
				IPHONEOS_DEPLOYMENT_TARGET = 10.2;
				MTL_ENABLE_DEBUG_INFO = YES;
				ONLY_ACTIVE_ARCH = YES;
				SDKROOT = iphoneos;
				SWIFT_ACTIVE_COMPILATION_CONDITIONS = DEBUG;
				SWIFT_OPTIMIZATION_LEVEL = "-Onone";
				TARGETED_DEVICE_FAMILY = "1,2";
			};
			name = Debug;
		};
		D8177C681ED9A3A400C518F4 /* Release */ = {
			isa = XCBuildConfiguration;
			buildSettings = {
				ALWAYS_SEARCH_USER_PATHS = NO;
				CLANG_ANALYZER_NONNULL = YES;
				CLANG_CXX_LANGUAGE_STANDARD = "gnu++0x";
				CLANG_CXX_LIBRARY = "libc++";
				CLANG_ENABLE_MODULES = YES;
				CLANG_ENABLE_OBJC_ARC = YES;
				CLANG_WARN_BOOL_CONVERSION = YES;
				CLANG_WARN_CONSTANT_CONVERSION = YES;
				CLANG_WARN_DIRECT_OBJC_ISA_USAGE = YES_ERROR;
				CLANG_WARN_DOCUMENTATION_COMMENTS = YES;
				CLANG_WARN_EMPTY_BODY = YES;
				CLANG_WARN_ENUM_CONVERSION = YES;
				CLANG_WARN_INFINITE_RECURSION = YES;
				CLANG_WARN_INT_CONVERSION = YES;
				CLANG_WARN_OBJC_ROOT_CLASS = YES_ERROR;
				CLANG_WARN_SUSPICIOUS_MOVE = YES;
				CLANG_WARN_UNREACHABLE_CODE = YES;
				CLANG_WARN__DUPLICATE_METHOD_MATCH = YES;
				"CODE_SIGN_IDENTITY[sdk=iphoneos*]" = "iPhone Developer";
				COPY_PHASE_STRIP = NO;
				DEBUG_INFORMATION_FORMAT = "dwarf-with-dsym";
				ENABLE_NS_ASSERTIONS = NO;
				ENABLE_STRICT_OBJC_MSGSEND = YES;
				GCC_C_LANGUAGE_STANDARD = gnu99;
				GCC_NO_COMMON_BLOCKS = YES;
				GCC_WARN_64_TO_32_BIT_CONVERSION = YES;
				GCC_WARN_ABOUT_RETURN_TYPE = YES_ERROR;
				GCC_WARN_UNDECLARED_SELECTOR = YES;
				GCC_WARN_UNINITIALIZED_AUTOS = YES_AGGRESSIVE;
				GCC_WARN_UNUSED_FUNCTION = YES;
				GCC_WARN_UNUSED_VARIABLE = YES;
				IPHONEOS_DEPLOYMENT_TARGET = 10.2;
				MTL_ENABLE_DEBUG_INFO = NO;
				SDKROOT = iphoneos;
				SWIFT_OPTIMIZATION_LEVEL = "-Owholemodule";
				TARGETED_DEVICE_FAMILY = "1,2";
				VALIDATE_PRODUCT = YES;
			};
			name = Release;
		};
		D8177C6A1ED9A3A400C518F4 /* Debug */ = {
			isa = XCBuildConfiguration;
			buildSettings = {
				ASSETCATALOG_COMPILER_APPICON_NAME = AppIcon;
				INFOPLIST_FILE = "オリジナルアプリ/Info.plist";
				LD_RUNPATH_SEARCH_PATHS = "$(inherited) @executable_path/Frameworks";
				PRODUCT_BUNDLE_IDENTIFIER = "com.litech.----------";
				PRODUCT_NAME = "$(TARGET_NAME)";
				SWIFT_VERSION = 3.0;
			};
			name = Debug;
		};
		D8177C6B1ED9A3A400C518F4 /* Release */ = {
			isa = XCBuildConfiguration;
			buildSettings = {
				ASSETCATALOG_COMPILER_APPICON_NAME = AppIcon;
				INFOPLIST_FILE = "オリジナルアプリ/Info.plist";
				LD_RUNPATH_SEARCH_PATHS = "$(inherited) @executable_path/Frameworks";
				PRODUCT_BUNDLE_IDENTIFIER = "com.litech.----------";
				PRODUCT_NAME = "$(TARGET_NAME)";
				SWIFT_VERSION = 3.0;
			};
			name = Release;
		};
/* End XCBuildConfiguration section */

/* Begin XCConfigurationList section */
		D8177C521ED9A3A400C518F4 /* Build configuration list for PBXProject "original" */ = {
			isa = XCConfigurationList;
			buildConfigurations = (
				D8177C671ED9A3A400C518F4 /* Debug */,
				D8177C681ED9A3A400C518F4 /* Release */,
			);
			defaultConfigurationIsVisible = 0;
			defaultConfigurationName = Release;
		};
		D8177C691ED9A3A400C518F4 /* Build configuration list for PBXNativeTarget "original" */ = {
			isa = XCConfigurationList;
			buildConfigurations = (
				D8177C6A1ED9A3A400C518F4 /* Debug */,
				D8177C6B1ED9A3A400C518F4 /* Release */,
			);
			defaultConfigurationIsVisible = 0;
			defaultConfigurationName = Release;
		};
/* End XCConfigurationList section */
	};
	rootObject = D8177C4F1ED9A3A400C518F4 /* Project object */;
}
